PATH
  remote: .
  specs:
    goodcheck (2.5.2)
      activesupport (>= 4.0, < 7.0)
      psych (>= 3.1, < 4.0)
      rainbow (~> 3.0.0)
      strong_json (>= 1.1, < 2.2)

GEM
  remote: https://rubygems.org/
  specs:
    activesupport (6.0.3.3)
      concurrent-ruby (~> 1.0, >= 1.0.2)
      i18n (>= 0.7, < 2)
      minitest (~> 5.1)
      tzinfo (~> 1.1)
      zeitwerk (~> 2.2, >= 2.2.2)
    ansi (1.5.0)
    builder (3.2.4)
    concurrent-ruby (1.1.7)
    i18n (1.8.5)
      concurrent-ruby (~> 1.0)
    minitest (5.14.3)
    minitest-reporters (1.4.2)
      ansi
      builder
      minitest (>= 5.0)
      ruby-progressbar
    psych (3.2.0)
    rainbow (3.0.0)
    rake (13.0.1)
    ruby-progressbar (1.10.1)
    strong_json (1.1.0)
    thread_safe (0.3.6)
    tzinfo (1.2.7)
      thread_safe (~> 0.1)
    zeitwerk (2.4.0)

PLATFORMS
  ruby

DEPENDENCIES
  bundler (>= 1.16)
  goodcheck!
  minitest (~> 5.0)
  minitest-reporters (~> 1.4.2)
  rake (~> 13.0)

BUNDLED WITH
   2.1.2
