subject: "Rescue keyword"
description: "rescue in a begin/end block"
notes: >
  Is represented with a TryNode node:
  - a block body is represented with a `tryPart` child node.
  - rescue branch is represented with a `rescueParts` child nodes.
focused_on_node: "org.truffleruby.language.control.SequenceNode"
ruby: |
  begin
    "foo"
  rescue
    42
  end
ast: |
  SequenceNode
      attributes:
          flags = 12
          sourceCharIndex = 0
          sourceLength = 29
      children:
          body = [
              WriteLocalVariableNode
                  attributes:
                      flags = 0
                      frameSlot = 0 # (self)
                      sourceCharIndex = -1
                      sourceLength = 0
                  children:
                      valueNode =
                          ProfileArgumentNodeGen
                              attributes:
                                  flags = 0
                                  sourceCharIndex = -1
                                  sourceLength = 0
                              children:
                                  childNode_ =
                                      ReadSelfNode
                                          attributes:
                                              flags = 0
                                              sourceCharIndex = -1
                                              sourceLength = 0
              TryNodeGen
                  attributes:
                      flags = 0
                      sourceCharIndex = 0
                      sourceLength = 29
                  children:
                      rescueParts = [
                          RescueStandardErrorNode
                              attributes:
                                  canOmitBacktrace = true
                                  flags = 0
                                  sourceCharIndex = 14
                                  sourceLength = 11
                              children:
                                  rescueBody =
                                      IntegerFixnumLiteralNode
                                          attributes:
                                              flags = 1
                                              sourceCharIndex = 23
                                              sourceLength = 2
                                              value = 42
                      ]
                      tryPart =
                          StringLiteralNode
                              attributes:
                                  encoding = UTF-8
                                  flags = 1
                                  sourceCharIndex = 8
                                  sourceLength = 5
                                  tstring = foo
          ]