subject: "Def"
description: "Parameters declaration in a frame / with block (def a(&b))"
notes: >
  Parameters are declared in a RubyMethodRootNode's attribute frameDescriptor:
    frameDescriptor = FrameDescriptor@...{#0:(self), #1:%$~_, #2:bar, #3:%method_block_arg}
  
  So there are the following slots:
  - 0 self
  - 1 %$~_ - special variable
  - 2 bar - a block parameter
  - 3 %method_block_arg - a variable that is used by the yield operator
focused_on_node: "org.truffleruby.language.methods.LiteralMethodDefinitionNode"
ruby: |
  def foo(&bar)
  end
ast: |
  LiteralMethodDefinitionNode
      attributes:
          callTargetSupplier = org.truffleruby.language.methods.CachedLazyCallTargetSupplier@...
          isDefSingleton = false
          name = "foo"
          sharedMethodInfo = SharedMethodInfo(sourceSection = SourceSection(source=<parse_ast> [1 - 2], index=0, length=17, characters=def foo(&bar)\nend), staticLexicalScope =  :: Object, arity = Arity{preRequired = 0, optional = 0, hasRest = false, postRequired = 0, keywordArguments = [], requiredKeywordArgumentsCount = 0, hasKeywordsRest = false}, originName = foo, blockDepth = 0, parseName = Object#foo, notes = null, argumentDescriptors = [ArgumentDescriptor(name = bar, type = block)])
      call targets:
          RubyMethodRootNode
              attributes:
                  arityForCheck = Arity{preRequired = 0, optional = 0, hasRest = false, postRequired = 0, keywordArguments = [], requiredKeywordArgumentsCount = 0, hasKeywordsRest = false}
                  callTarget = Object#foo
                  checkArityProfile = false
                  frameDescriptor = FrameDescriptor@...{#0:(self), #1:%$~_, #2:bar, #3:%method_block_arg}
                  instrumentationBits = 0
                  keywordArguments = false
                  localReturnProfile = false
                  lock = java.util.concurrent.locks.ReentrantLock@...[Unlocked]
                  matchingReturnProfile = false
                  nonMatchingReturnProfile = false
                  polyglotRef = org.truffleruby.RubyLanguage@...
                  retryProfile = false
                  returnID = org.truffleruby.language.control.ReturnID@...
                  sharedMethodInfo = SharedMethodInfo(sourceSection = SourceSection(source=<parse_ast> [1 - 2], index=0, length=17, characters=def foo(&bar)\nend), staticLexicalScope =  :: Object, arity = Arity{preRequired = 0, optional = 0, hasRest = false, postRequired = 0, keywordArguments = [], requiredKeywordArgumentsCount = 0, hasKeywordsRest = false}, originName = foo, blockDepth = 0, parseName = Object#foo, notes = null, argumentDescriptors = [ArgumentDescriptor(name = bar, type = block)])
                  sourceSection = SourceSection(source=<parse_ast> [1 - 2], index=0, length=17, characters=def foo(&bar)\nend)
                  split = HEURISTIC
              children:
                  body =
                      SequenceNode
                          children:
                              body = [
                                  WriteLocalVariableNode
                                      attributes:
                                          frameSlot = 0
                                      children:
                                          valueNode =
                                              ProfileArgumentNodeGen
                                                  children:
                                                      childNode_ =
                                                          ReadSelfNode
                                  SaveMethodBlockNode
                                      attributes:
                                          slot = 3
                                  SaveMethodBlockNode
                                      attributes:
                                          slot = 2
                                  NilLiteralNode
                                      attributes:
                                          isImplicit = false
                              ]