subject: "Method call"
description: "Arguments/with a &-deconstruction to a block argument (&bar)"
notes: |
  A block argument is represented with ToProcNodeGen node.
  RubyCallNode is not wrapped into CatchBreakNode/FrameOnStackNode nodes
focused_on_node: "org.truffleruby.language.dispatch.RubyCallNode"
ruby: |
  foo(&:symbol)
ast: |
  RubyCallNode
      attributes:
          descriptor = NoKeywordArgumentsDescriptor
          dispatchConfig = PRIVATE
          emptyKeywordsProfile = false
          flags = 1
          isAttrAssign = false
          isSafeNavigation = false
          isSplatted = false
          isVCall = false
          lastArgIsNotHashProfile = false
          methodName = "foo"
          notEmptyKeywordsProfile = false
          notRuby2KeywordsHashProfile = false
          sourceCharIndex = 0
          sourceLength = 12
      children:
          block =
              ToProcNodeGen
                  attributes:
                      flags = 0
                      sourceCharIndex = 4
                      sourceLength = 8
                  children:
                      childNode_ =
                          ObjectLiteralNode
                              attributes:
                                  flags = 0
                                  object = :symbol
                                  sourceCharIndex = 5
                                  sourceLength = 7
          receiver =
              SelfNode
                  attributes:
                      flags = 0
                      sourceCharIndex = -1
                      sourceLength = 0