subject: "begin ... end block"
description: "with multiple expressions inside a block"
notes: >
  Is represented as a SequenceNode node.
focused_on_node: "org.truffleruby.language.control.SequenceNode"
ruby: |
  begin
    foo
    bar
  end
ast: |
  SequenceNode
      attributes:
          flags = 12
          sourceCharIndex = 0
          sourceLength = 21
      children:
          body = [
              WriteLocalVariableNode
                  attributes:
                      flags = 0
                      frameSlot = 0 # (self)
                      sourceCharIndex = -1
                      sourceLength = 0
                  children:
                      valueNode =
                          ProfileArgumentNodeGen
                              attributes:
                                  flags = 0
                                  sourceCharIndex = -1
                                  sourceLength = 0
                              children:
                                  childNode_ =
                                      ReadSelfNode
                                          attributes:
                                              flags = 0
                                              sourceCharIndex = -1
                                              sourceLength = 0
              RubyCallNode
                  attributes:
                      descriptor = NoKeywordArgumentsDescriptor
                      dispatchConfig = PRIVATE
                      emptyKeywordsProfile = false
                      flags = 1
                      isAttrAssign = false
                      isSafeNavigation = false
                      isSplatted = false
                      isVCall = true
                      lastArgIsNotHashProfile = false
                      methodName = "foo"
                      notEmptyKeywordsProfile = false
                      notRuby2KeywordsHashProfile = false
                      sourceCharIndex = 8
                      sourceLength = 3
                  children:
                      receiver =
                          SelfNode
                              attributes:
                                  flags = 0
                                  sourceCharIndex = -1
                                  sourceLength = 0
              RubyCallNode
                  attributes:
                      descriptor = NoKeywordArgumentsDescriptor
                      dispatchConfig = PRIVATE
                      emptyKeywordsProfile = false
                      flags = 1
                      isAttrAssign = false
                      isSafeNavigation = false
                      isSplatted = false
                      isVCall = true
                      lastArgIsNotHashProfile = false
                      methodName = "bar"
                      notEmptyKeywordsProfile = false
                      notRuby2KeywordsHashProfile = false
                      sourceCharIndex = 14
                      sourceLength = 3
                  children:
                      receiver =
                          SelfNode
                              attributes:
                                  flags = 0
                                  sourceCharIndex = -1
                                  sourceLength = 0
          ]