subject: "begin ... end block"
description: "with multiple expressions inside a block"
notes: >
  Is represented as a SequenceNode node.
focused_on_node: "org.truffleruby.language.control.SequenceNode"
ruby: |
  begin
    42
    100500
  end
ast: |
  SequenceNode
      attributes:
          flags = 12
      children:
          body = [
              EmitWarningsNode
                  attributes:
                      flags = 0
                      warnings = org.truffleruby.parser.RubyDeferredWarnings@...
              WriteLocalVariableNode
                  attributes:
                      flags = 0
                      frameSlot = 0
                  children:
                      valueNode =
                          ProfileArgumentNodeGen
                              attributes:
                                  flags = 0
                              children:
                                  childNode_ =
                                      ReadSelfNode
                                          attributes:
                                              flags = 0
              IntegerFixnumLiteralNode
                  attributes:
                      flags = 1
                      value = 42
              IntegerFixnumLiteralNode
                  attributes:
                      flags = 1
                      value = 100500
          ]